
Microsoft Visual Studio Solution File, Format Version 12.00
# Visual Studio 2013
VisualStudioVersion = 12.0.30501.0
MinimumVisualStudioVersion = 10.0.40219.1
Project("{FAE04EC0-301F-11D3-BF4B-00C04F79EFBC}") = "e-library.WebApp", "e-library.WebApp\e-library.WebApp.csproj", "{9F10CF56-FAA7-4E6B-A081-1DAAEC793ACC}"
EndProject
Project("{2150E333-8FDC-42A3-9474-1A3956D46DE8}") = ".nuget", ".nuget", "{29F63E0B-A52D-4808-9AAC-9F405523C569}"
	ProjectSection(SolutionItems) = preProject
		.nuget\NuGet.Config = .nuget\NuGet.Config
		.nuget\NuGet.exe = .nuget\NuGet.exe
		.nuget\NuGet.targets = .nuget\NuGet.targets
	EndProjectSection
EndProject
Project("{FAE04EC0-301F-11D3-BF4B-00C04F79EFBC}") = "e-library.WebApi", "e-library.WebApi\e-library.WebApi.csproj", "{ED1E64B4-8729-4EFC-BE1C-E2689D71D61E}"
EndProject
Project("{FAE04EC0-301F-11D3-BF4B-00C04F79EFBC}") = "e-library.Model", "e-library.Model\e-library.Model.csproj", "{9EB58F9E-1F0B-4D00-815E-5F2CB1B4676F}"
EndProject
Project("{FAE04EC0-301F-11D3-BF4B-00C04F79EFBC}") = "e-library.Data.Core", "e-library.Data.Core\e-library.Data.Core.csproj", "{717DCDAD-D11F-4BAE-9376-50B9919F355E}"
EndProject
Project("{FAE04EC0-301F-11D3-BF4B-00C04F79EFBC}") = "e-library.Data.InMemory", "e-library.Data.InMemory\e-library.Data.InMemory.csproj", "{B7C60992-E4FD-4B22-A983-B7D9AC333565}"
EndProject
Global
	GlobalSection(SolutionConfigurationPlatforms) = preSolution
		Debug|Any CPU = Debug|Any CPU
		Release|Any CPU = Release|Any CPU
	EndGlobalSection
	GlobalSection(ProjectConfigurationPlatforms) = postSolution
		{9F10CF56-FAA7-4E6B-A081-1DAAEC793ACC}.Debug|Any CPU.ActiveCfg = Debug|Any CPU
		{9F10CF56-FAA7-4E6B-A081-1DAAEC793ACC}.Debug|Any CPU.Build.0 = Debug|Any CPU
		{9F10CF56-FAA7-4E6B-A081-1DAAEC793ACC}.Release|Any CPU.ActiveCfg = Release|Any CPU
		{9F10CF56-FAA7-4E6B-A081-1DAAEC793ACC}.Release|Any CPU.Build.0 = Release|Any CPU
		{ED1E64B4-8729-4EFC-BE1C-E2689D71D61E}.Debug|Any CPU.ActiveCfg = Debug|Any CPU
		{ED1E64B4-8729-4EFC-BE1C-E2689D71D61E}.Debug|Any CPU.Build.0 = Debug|Any CPU
		{ED1E64B4-8729-4EFC-BE1C-E2689D71D61E}.Release|Any CPU.ActiveCfg = Release|Any CPU
		{ED1E64B4-8729-4EFC-BE1C-E2689D71D61E}.Release|Any CPU.Build.0 = Release|Any CPU
		{9EB58F9E-1F0B-4D00-815E-5F2CB1B4676F}.Debug|Any CPU.ActiveCfg = Debug|Any CPU
		{9EB58F9E-1F0B-4D00-815E-5F2CB1B4676F}.Debug|Any CPU.Build.0 = Debug|Any CPU
		{9EB58F9E-1F0B-4D00-815E-5F2CB1B4676F}.Release|Any CPU.ActiveCfg = Release|Any CPU
		{9EB58F9E-1F0B-4D00-815E-5F2CB1B4676F}.Release|Any CPU.Build.0 = Release|Any CPU
		{717DCDAD-D11F-4BAE-9376-50B9919F355E}.Debug|Any CPU.ActiveCfg = Debug|Any CPU
		{717DCDAD-D11F-4BAE-9376-50B9919F355E}.Debug|Any CPU.Build.0 = Debug|Any CPU
		{717DCDAD-D11F-4BAE-9376-50B9919F355E}.Release|Any CPU.ActiveCfg = Release|Any CPU
		{717DCDAD-D11F-4BAE-9376-50B9919F355E}.Release|Any CPU.Build.0 = Release|Any CPU
		{B7C60992-E4FD-4B22-A983-B7D9AC333565}.Debug|Any CPU.ActiveCfg = Debug|Any CPU
		{B7C60992-E4FD-4B22-A983-B7D9AC333565}.Debug|Any CPU.Build.0 = Debug|Any CPU
		{B7C60992-E4FD-4B22-A983-B7D9AC333565}.Release|Any CPU.ActiveCfg = Release|Any CPU
		{B7C60992-E4FD-4B22-A983-B7D9AC333565}.Release|Any CPU.Build.0 = Release|Any CPU
	EndGlobalSection
	GlobalSection(SolutionProperties) = preSolution
		HideSolutionNode = FALSE
	EndGlobalSection
EndGlobal
