
Microsoft Visual Studio Solution File, Format Version 12.00
# Visual Studio 2013
VisualStudioVersion = 12.0.30501.0
MinimumVisualStudioVersion = 10.0.40219.1
Project("{FAE04EC0-301F-11D3-BF4B-00C04F79EFBC}") = "e-library.WebApp", "e-library.WebApp\e-library.WebApp.csproj", "{9F10CF56-FAA7-4E6B-A081-1DAAEC793ACC}"
EndProject
Project("{2150E333-8FDC-42A3-9474-1A3956D46DE8}") = ".nuget", ".nuget", "{29F63E0B-A52D-4808-9AAC-9F405523C569}"
	ProjectSection(SolutionItems) = preProject
		.nuget\NuGet.Config = .nuget\NuGet.Config
		.nuget\NuGet.exe = .nuget\NuGet.exe
		.nuget\NuGet.targets = .nuget\NuGet.targets
	EndProjectSection
EndProject
Global
	GlobalSection(SolutionConfigurationPlatforms) = preSolution
		Debug|Any CPU = Debug|Any CPU
		Release|Any CPU = Release|Any CPU
	EndGlobalSection
	GlobalSection(ProjectConfigurationPlatforms) = postSolution
		{9F10CF56-FAA7-4E6B-A081-1DAAEC793ACC}.Debug|Any CPU.ActiveCfg = Debug|Any CPU
		{9F10CF56-FAA7-4E6B-A081-1DAAEC793ACC}.Debug|Any CPU.Build.0 = Debug|Any CPU
		{9F10CF56-FAA7-4E6B-A081-1DAAEC793ACC}.Release|Any CPU.ActiveCfg = Release|Any CPU
		{9F10CF56-FAA7-4E6B-A081-1DAAEC793ACC}.Release|Any CPU.Build.0 = Release|Any CPU
	EndGlobalSection
	GlobalSection(SolutionProperties) = preSolution
		HideSolutionNode = FALSE
	EndGlobalSection
EndGlobal
